
Microsoft Visual Studio Solution File, Format Version 10.00
# Visual C# Express 2008
Project("{FAE04EC0-301F-11D3-BF4B-00C04F79EFBC}") = "tp_salaire", "tp_salaire\tp_salaire.csproj", "{81B92D2E-A5B4-4F14-9E86-CB461E2ECD2F}"
EndProject
Project("{FAE04EC0-301F-11D3-BF4B-00C04F79EFBC}") = "tp_salaire_winForm", "tp_salaire_winForm\tp_salaire_winForm.csproj", "{8AD8CCC7-E93C-49C5-AB8B-A75B07172542}"
EndProject
Global
	GlobalSection(SolutionConfigurationPlatforms) = preSolution
		Debug|Any CPU = Debug|Any CPU
		Release|Any CPU = Release|Any CPU
	EndGlobalSection
	GlobalSection(ProjectConfigurationPlatforms) = postSolution
		{81B92D2E-A5B4-4F14-9E86-CB461E2ECD2F}.Debug|Any CPU.ActiveCfg = Debug|Any CPU
		{81B92D2E-A5B4-4F14-9E86-CB461E2ECD2F}.Debug|Any CPU.Build.0 = Debug|Any CPU
		{81B92D2E-A5B4-4F14-9E86-CB461E2ECD2F}.Release|Any CPU.ActiveCfg = Release|Any CPU
		{81B92D2E-A5B4-4F14-9E86-CB461E2ECD2F}.Release|Any CPU.Build.0 = Release|Any CPU
		{8AD8CCC7-E93C-49C5-AB8B-A75B07172542}.Debug|Any CPU.ActiveCfg = Debug|Any CPU
		{8AD8CCC7-E93C-49C5-AB8B-A75B07172542}.Debug|Any CPU.Build.0 = Debug|Any CPU
		{8AD8CCC7-E93C-49C5-AB8B-A75B07172542}.Release|Any CPU.ActiveCfg = Release|Any CPU
		{8AD8CCC7-E93C-49C5-AB8B-A75B07172542}.Release|Any CPU.Build.0 = Release|Any CPU
	EndGlobalSection
	GlobalSection(SolutionProperties) = preSolution
		HideSolutionNode = FALSE
	EndGlobalSection
EndGlobal
